
Microsoft Visual Studio Solution File, Format Version 12.00
# Visual Studio Version 17
VisualStudioVersion = 17.11.35327.3
MinimumVisualStudioVersion = 10.0.40219.1
Project("{FAE04EC0-301F-11D3-BF4B-00C04F79EFBC}") = "HRMS_api", "HRMS_api.csproj", "{EDE21B31-6CB2-43F1-A5F4-8FF182160333}"
EndProject
Global
	GlobalSection(SolutionConfigurationPlatforms) = preSolution
		Debug|Any CPU = Debug|Any CPU
		Release|Any CPU = Release|Any CPU
	EndGlobalSection
	GlobalSection(ProjectConfigurationPlatforms) = postSolution
		{EDE21B31-6CB2-43F1-A5F4-8FF182160333}.Debug|Any CPU.ActiveCfg = Debug|Any CPU
		{EDE21B31-6CB2-43F1-A5F4-8FF182160333}.Debug|Any CPU.Build.0 = Debug|Any CPU
		{EDE21B31-6CB2-43F1-A5F4-8FF182160333}.Release|Any CPU.ActiveCfg = Release|Any CPU
		{EDE21B31-6CB2-43F1-A5F4-8FF182160333}.Release|Any CPU.Build.0 = Release|Any CPU
	EndGlobalSection
	GlobalSection(SolutionProperties) = preSolution
		HideSolutionNode = FALSE
	EndGlobalSection
	GlobalSection(ExtensibilityGlobals) = postSolution
		SolutionGuid = {5E6597B2-640C-402A-990B-BF73F0DE6B74}
	EndGlobalSection
EndGlobal
